
Microsoft Visual Studio Solution File, Format Version 12.00
# Visual Studio Version 16
VisualStudioVersion = 16.0.29519.87
MinimumVisualStudioVersion = 10.0.40219.1
Project("{FAE04EC0-301F-11D3-BF4B-00C04F79EFBC}") = "DSI.LauncherDemo", "DSI.LauncherDemo\DSI.LauncherDemo.csproj", "{D2957175-44A0-4F9F-9241-FF0FBC639195}"
EndProject
Project("{FAE04EC0-301F-11D3-BF4B-00C04F79EFBC}") = "DSI.ModuleA", "DSI.ModuleA\DSI.ModuleA.csproj", "{A8BDE16B-9816-42BE-925C-60140B1EC90B}"
EndProject
Project("{FAE04EC0-301F-11D3-BF4B-00C04F79EFBC}") = "DSI.ModuleB", "DSI.ModuleB\DSI.ModuleB.csproj", "{270A3B98-375E-4C10-B666-E2F9DA0F60AD}"
EndProject
Project("{2150E333-8FDC-42A3-9474-1A3956D46DE8}") = "Modules", "Modules", "{B783B7DC-C9B3-4DB6-A8FF-8570EE0594FC}"
EndProject
Project("{FAE04EC0-301F-11D3-BF4B-00C04F79EFBC}") = "DSI.SubmoduleA", "Modules\DSI.SubmoduleA\DSI.SubmoduleA.csproj", "{E7EAC978-34CC-4C19-92B5-9FC3698DDE44}"
EndProject
Project("{FAE04EC0-301F-11D3-BF4B-00C04F79EFBC}") = "DSI.WPF", "DSI.WPF\DSI.WPF.csproj", "{F0D43FC7-D794-4237-8942-9948EDBD688C}"
EndProject
Project("{2150E333-8FDC-42A3-9474-1A3956D46DE8}") = "Domain", "Domain", "{F773D8E7-5BF4-4835-9DBA-909A69567405}"
EndProject
Project("{FAE04EC0-301F-11D3-BF4B-00C04F79EFBC}") = "DSI.Domain.Services", "Domain\DSI.Domain.Services\DSI.Domain.Services.csproj", "{545D80A0-614B-481E-A97E-C9C12B8A4554}"
EndProject
Project("{FAE04EC0-301F-11D3-BF4B-00C04F79EFBC}") = "DSI.Domain.Models", "Domain\DSI.Domain.Models\DSI.Domain.Models.csproj", "{A3287FF1-B074-4B7C-A4EC-33D92AD1793A}"
EndProject
Project("{FAE04EC0-301F-11D3-BF4B-00C04F79EFBC}") = "DSI.Core", "DSI.Core\DSI.Core.csproj", "{2A0BCCFB-2435-446B-8538-3DC1B774BCFD}"
EndProject
Global
	GlobalSection(SolutionConfigurationPlatforms) = preSolution
		Debug|Any CPU = Debug|Any CPU
		Release|Any CPU = Release|Any CPU
	EndGlobalSection
	GlobalSection(ProjectConfigurationPlatforms) = postSolution
		{D2957175-44A0-4F9F-9241-FF0FBC639195}.Debug|Any CPU.ActiveCfg = Debug|Any CPU
		{D2957175-44A0-4F9F-9241-FF0FBC639195}.Debug|Any CPU.Build.0 = Debug|Any CPU
		{D2957175-44A0-4F9F-9241-FF0FBC639195}.Release|Any CPU.ActiveCfg = Release|Any CPU
		{D2957175-44A0-4F9F-9241-FF0FBC639195}.Release|Any CPU.Build.0 = Release|Any CPU
		{A8BDE16B-9816-42BE-925C-60140B1EC90B}.Debug|Any CPU.ActiveCfg = Debug|Any CPU
		{A8BDE16B-9816-42BE-925C-60140B1EC90B}.Debug|Any CPU.Build.0 = Debug|Any CPU
		{A8BDE16B-9816-42BE-925C-60140B1EC90B}.Release|Any CPU.ActiveCfg = Release|Any CPU
		{A8BDE16B-9816-42BE-925C-60140B1EC90B}.Release|Any CPU.Build.0 = Release|Any CPU
		{270A3B98-375E-4C10-B666-E2F9DA0F60AD}.Debug|Any CPU.ActiveCfg = Debug|Any CPU
		{270A3B98-375E-4C10-B666-E2F9DA0F60AD}.Debug|Any CPU.Build.0 = Debug|Any CPU
		{270A3B98-375E-4C10-B666-E2F9DA0F60AD}.Release|Any CPU.ActiveCfg = Release|Any CPU
		{270A3B98-375E-4C10-B666-E2F9DA0F60AD}.Release|Any CPU.Build.0 = Release|Any CPU
		{E7EAC978-34CC-4C19-92B5-9FC3698DDE44}.Debug|Any CPU.ActiveCfg = Debug|Any CPU
		{E7EAC978-34CC-4C19-92B5-9FC3698DDE44}.Debug|Any CPU.Build.0 = Debug|Any CPU
		{E7EAC978-34CC-4C19-92B5-9FC3698DDE44}.Release|Any CPU.ActiveCfg = Release|Any CPU
		{E7EAC978-34CC-4C19-92B5-9FC3698DDE44}.Release|Any CPU.Build.0 = Release|Any CPU
		{F0D43FC7-D794-4237-8942-9948EDBD688C}.Debug|Any CPU.ActiveCfg = Debug|Any CPU
		{F0D43FC7-D794-4237-8942-9948EDBD688C}.Debug|Any CPU.Build.0 = Debug|Any CPU
		{F0D43FC7-D794-4237-8942-9948EDBD688C}.Release|Any CPU.ActiveCfg = Release|Any CPU
		{F0D43FC7-D794-4237-8942-9948EDBD688C}.Release|Any CPU.Build.0 = Release|Any CPU
		{545D80A0-614B-481E-A97E-C9C12B8A4554}.Debug|Any CPU.ActiveCfg = Debug|Any CPU
		{545D80A0-614B-481E-A97E-C9C12B8A4554}.Debug|Any CPU.Build.0 = Debug|Any CPU
		{545D80A0-614B-481E-A97E-C9C12B8A4554}.Release|Any CPU.ActiveCfg = Release|Any CPU
		{545D80A0-614B-481E-A97E-C9C12B8A4554}.Release|Any CPU.Build.0 = Release|Any CPU
		{A3287FF1-B074-4B7C-A4EC-33D92AD1793A}.Debug|Any CPU.ActiveCfg = Debug|Any CPU
		{A3287FF1-B074-4B7C-A4EC-33D92AD1793A}.Debug|Any CPU.Build.0 = Debug|Any CPU
		{A3287FF1-B074-4B7C-A4EC-33D92AD1793A}.Release|Any CPU.ActiveCfg = Release|Any CPU
		{A3287FF1-B074-4B7C-A4EC-33D92AD1793A}.Release|Any CPU.Build.0 = Release|Any CPU
		{2A0BCCFB-2435-446B-8538-3DC1B774BCFD}.Debug|Any CPU.ActiveCfg = Debug|Any CPU
		{2A0BCCFB-2435-446B-8538-3DC1B774BCFD}.Debug|Any CPU.Build.0 = Debug|Any CPU
		{2A0BCCFB-2435-446B-8538-3DC1B774BCFD}.Release|Any CPU.ActiveCfg = Release|Any CPU
		{2A0BCCFB-2435-446B-8538-3DC1B774BCFD}.Release|Any CPU.Build.0 = Release|Any CPU
	EndGlobalSection
	GlobalSection(SolutionProperties) = preSolution
		HideSolutionNode = FALSE
	EndGlobalSection
	GlobalSection(NestedProjects) = preSolution
		{E7EAC978-34CC-4C19-92B5-9FC3698DDE44} = {B783B7DC-C9B3-4DB6-A8FF-8570EE0594FC}
		{545D80A0-614B-481E-A97E-C9C12B8A4554} = {F773D8E7-5BF4-4835-9DBA-909A69567405}
		{A3287FF1-B074-4B7C-A4EC-33D92AD1793A} = {F773D8E7-5BF4-4835-9DBA-909A69567405}
	EndGlobalSection
	GlobalSection(ExtensibilityGlobals) = postSolution
		SolutionGuid = {C5B696BE-6F62-4229-9A6C-59513615F2E0}
	EndGlobalSection
EndGlobal
